// !$*UTF8*$!
{
	archiveVersion = 1;
	classes = {
	};
	objectVersion = 46;
	objects = {

/* Begin PBXBuildFile section */
		F02677831E40032900A3AB82 /* AppDelegate.swift in Sources */ = {isa = PBXBuildFile; fileRef = F02677821E40032900A3AB82 /* AppDelegate.swift */; };
		F02677851E40032900A3AB82 /* ViewController.swift in Sources */ = {isa = PBXBuildFile; fileRef = F02677841E40032900A3AB82 /* ViewController.swift */; };
		F02677881E40032900A3AB82 /* Main.storyboard in Resources */ = {isa = PBXBuildFile; fileRef = F02677861E40032900A3AB82 /* Main.storyboard */; };
		F026778A1E40032900A3AB82 /* Assets.xcassets in Resources */ = {isa = PBXBuildFile; fileRef = F02677891E40032900A3AB82 /* Assets.xcassets */; };
		F026778D1E40032900A3AB82 /* LaunchScreen.storyboard in Resources */ = {isa = PBXBuildFile; fileRef = F026778B1E40032900A3AB82 /* LaunchScreen.storyboard */; };
		F02677981E40032900A3AB82 /* testTests.swift in Sources */ = {isa = PBXBuildFile; fileRef = F02677971E40032900A3AB82 /* testTests.swift */; };
		F02677A31E40032900A3AB82 /* testUITests.swift in Sources */ = {isa = PBXBuildFile; fileRef = F02677A21E40032900A3AB82 /* testUITests.swift */; };
/* End PBXBuildFile section */

/* Begin PBXContainerItemProxy section */
		F02677941E40032900A3AB82 /* PBXContainerItemProxy */ = {
			isa = PBXContainerItemProxy;
			containerPortal = F02677771E40032900A3AB82 /* Project object */;
			proxyType = 1;
			remoteGlobalIDString = F026777E1E40032900A3AB82;
			remoteInfo = test;
		};
		F026779F1E40032900A3AB82 /* PBXContainerItemProxy */ = {
			isa = PBXContainerItemProxy;
			containerPortal = F02677771E40032900A3AB82 /* Project object */;
			proxyType = 1;
			remoteGlobalIDString = F026777E1E40032900A3AB82;
			remoteInfo = test;
		};
/* End PBXContainerItemProxy section */

/* Begin PBXFileReference section */
		F026777F1E40032900A3AB82 /* test.app */ = {isa = PBXFileReference; explicitFileType = wrapper.application; includeInIndex = 0; path = test.app; sourceTree = BUILT_PRODUCTS_DIR; };
		F02677821E40032900A3AB82 /* AppDelegate.swift */ = {isa = PBXFileReference; lastKnownFileType = sourcecode.swift; path = AppDelegate.swift; sourceTree = "<group>"; };
		F02677841E40032900A3AB82 /* ViewController.swift */ = {isa = PBXFileReference; lastKnownFileType = sourcecode.swift; path = ViewController.swift; sourceTree = "<group>"; };
		F02677871E40032900A3AB82 /* Base */ = {isa = PBXFileReference; lastKnownFileType = file.storyboard; name = Base; path = Base.lproj/Main.storyboard; sourceTree = "<group>"; };
		F02677891E40032900A3AB82 /* Assets.xcassets */ = {isa = PBXFileReference; lastKnownFileType = folder.assetcatalog; path = Assets.xcassets; sourceTree = "<group>"; };
		F026778C1E40032900A3AB82 /* Base */ = {isa = PBXFileReference; lastKnownFileType = file.storyboard; name = Base; path = Base.lproj/LaunchScreen.storyboard; sourceTree = "<group>"; };
		F026778E1E40032900A3AB82 /* Info.plist */ = {isa = PBXFileReference; lastKnownFileType = text.plist.xml; path = Info.plist; sourceTree = "<group>"; };
		F02677931E40032900A3AB82 /* testTests.xctest */ = {isa = PBXFileReference; explicitFileType = wrapper.cfbundle; includeInIndex = 0; path = testTests.xctest; sourceTree = BUILT_PRODUCTS_DIR; };
		F02677971E40032900A3AB82 /* testTests.swift */ = {isa = PBXFileReference; lastKnownFileType = sourcecode.swift; path = testTests.swift; sourceTree = "<group>"; };
		F02677991E40032900A3AB82 /* Info.plist */ = {isa = PBXFileReference; lastKnownFileType = text.plist.xml; path = Info.plist; sourceTree = "<group>"; };
		F026779E1E40032900A3AB82 /* testUITests.xctest */ = {isa = PBXFileReference; explicitFileType = wrapper.cfbundle; includeInIndex = 0; path = testUITests.xctest; sourceTree = BUILT_PRODUCTS_DIR; };
		F02677A21E40032900A3AB82 /* testUITests.swift */ = {isa = PBXFileReference; lastKnownFileType = sourcecode.swift; path = testUITests.swift; sourceTree = "<group>"; };
		F02677A41E40032900A3AB82 /* Info.plist */ = {isa = PBXFileReference; lastKnownFileType = text.plist.xml; path = Info.plist; sourceTree = "<group>"; };
/* End PBXFileReference section */

/* Begin PBXFrameworksBuildPhase section */
		F026777C1E40032900A3AB82 /* Frameworks */ = {
			isa = PBXFrameworksBuildPhase;
			buildActionMask = 2147483647;
			files = (
			);
			runOnlyForDeploymentPostprocessing = 0;
		};
		F02677901E40032900A3AB82 /* Frameworks */ = {
			isa = PBXFrameworksBuildPhase;
			buildActionMask = 2147483647;
			files = (
			);
			runOnlyForDeploymentPostprocessing = 0;
		};
		F026779B1E40032900A3AB82 /* Frameworks */ = {
			isa = PBXFrameworksBuildPhase;
			buildActionMask = 2147483647;
			files = (
			);
			runOnlyForDeploymentPostprocessing = 0;
		};
/* End PBXFrameworksBuildPhase section */

/* Begin PBXGroup section */
		F02677761E40032900A3AB82 = {
			isa = PBXGroup;
			children = (
				F02677811E40032900A3AB82 /* test */,
				F02677961E40032900A3AB82 /* testTests */,
				F02677A11E40032900A3AB82 /* testUITests */,
				F02677801E40032900A3AB82 /* Products */,
			);
			sourceTree = "<group>";
		};
		F02677801E40032900A3AB82 /* Products */ = {
			isa = PBXGroup;
			children = (
				F026777F1E40032900A3AB82 /* test.app */,
				F02677931E40032900A3AB82 /* testTests.xctest */,
				F026779E1E40032900A3AB82 /* testUITests.xctest */,
			);
			name = Products;
			sourceTree = "<group>";
		};
		F02677811E40032900A3AB82 /* test */ = {
			isa = PBXGroup;
			children = (
				F02677821E40032900A3AB82 /* AppDelegate.swift */,
				F02677841E40032900A3AB82 /* ViewController.swift */,
				F02677861E40032900A3AB82 /* Main.storyboard */,
				F02677891E40032900A3AB82 /* Assets.xcassets */,
				F026778B1E40032900A3AB82 /* LaunchScreen.storyboard */,
				F026778E1E40032900A3AB82 /* Info.plist */,
			);
			path = test;
			sourceTree = "<group>";
		};
		F02677961E40032900A3AB82 /* testTests */ = {
			isa = PBXGroup;
			children = (
				F02677971E40032900A3AB82 /* testTests.swift */,
				F02677991E40032900A3AB82 /* Info.plist */,
			);
			path = testTests;
			sourceTree = "<group>";
		};
		F02677A11E40032900A3AB82 /* testUITests */ = {
			isa = PBXGroup;
			children = (
				F02677A21E40032900A3AB82 /* testUITests.swift */,
				F02677A41E40032900A3AB82 /* Info.plist */,
			);
			path = testUITests;
			sourceTree = "<group>";
		};
/* End PBXGroup section */

/* Begin PBXNativeTarget section */
		F026777E1E40032900A3AB82 /* test */ = {
			isa = PBXNativeTarget;
			buildConfigurationList = F02677A71E40032900A3AB82 /* Build configuration list for PBXNativeTarget "test" */;
			buildPhases = (
				F026777B1E40032900A3AB82 /* Sources */,
				F026777C1E40032900A3AB82 /* Frameworks */,
				F026777D1E40032900A3AB82 /* Resources */,
			);
			buildRules = (
			);
			dependencies = (
			);
			name = test;
			productName = test;
			productReference = F026777F1E40032900A3AB82 /* test.app */;
			productType = "com.apple.product-type.application";
		};
		F02677921E40032900A3AB82 /* testTests */ = {
			isa = PBXNativeTarget;
			buildConfigurationList = F02677AA1E40032900A3AB82 /* Build configuration list for PBXNativeTarget "testTests" */;
			buildPhases = (
				F026778F1E40032900A3AB82 /* Sources */,
				F02677901E40032900A3AB82 /* Frameworks */,
				F02677911E40032900A3AB82 /* Resources */,
			);
			buildRules = (
			);
			dependencies = (
				F02677951E40032900A3AB82 /* PBXTargetDependency */,
			);
			name = testTests;
			productName = testTests;
			productReference = F02677931E40032900A3AB82 /* testTests.xctest */;
			productType = "com.apple.product-type.bundle.unit-test";
		};
		F026779D1E40032900A3AB82 /* testUITests */ = {
			isa = PBXNativeTarget;
			buildConfigurationList = F02677AD1E40032900A3AB82 /* Build configuration list for PBXNativeTarget "testUITests" */;
			buildPhases = (
				F026779A1E40032900A3AB82 /* Sources */,
				F026779B1E40032900A3AB82 /* Frameworks */,
				F026779C1E40032900A3AB82 /* Resources */,
			);
			buildRules = (
			);
			dependencies = (
				F02677A01E40032900A3AB82 /* PBXTargetDependency */,
			);
			name = testUITests;
			productName = testUITests;
			productReference = F026779E1E40032900A3AB82 /* testUITests.xctest */;
			productType = "com.apple.product-type.bundle.ui-testing";
		};
/* End PBXNativeTarget section */

/* Begin PBXProject section */
		F02677771E40032900A3AB82 /* Project object */ = {
			isa = PBXProject;
			attributes = {
				LastSwiftUpdateCheck = 0820;
				LastUpgradeCheck = 0820;
				ORGANIZATIONNAME = "Tom Cheung";
				TargetAttributes = {
					F026777E1E40032900A3AB82 = {
						CreatedOnToolsVersion = 8.2.1;
						ProvisioningStyle = Automatic;
					};
					F02677921E40032900A3AB82 = {
						CreatedOnToolsVersion = 8.2.1;
						ProvisioningStyle = Automatic;
						TestTargetID = F026777E1E40032900A3AB82;
					};
					F026779D1E40032900A3AB82 = {
						CreatedOnToolsVersion = 8.2.1;
						ProvisioningStyle = Automatic;
						TestTargetID = F026777E1E40032900A3AB82;
					};
				};
			};
			buildConfigurationList = F026777A1E40032900A3AB82 /* Build configuration list for PBXProject "test" */;
			compatibilityVersion = "Xcode 3.2";
			developmentRegion = English;
			hasScannedForEncodings = 0;
			knownRegions = (
				en,
				Base,
			);
			mainGroup = F02677761E40032900A3AB82;
			productRefGroup = F02677801E40032900A3AB82 /* Products */;
			projectDirPath = "";
			projectRoot = "";
			targets = (
				F026777E1E40032900A3AB82 /* test */,
				F02677921E40032900A3AB82 /* testTests */,
				F026779D1E40032900A3AB82 /* testUITests */,
			);
		};
/* End PBXProject section */

/* Begin PBXResourcesBuildPhase section */
		F026777D1E40032900A3AB82 /* Resources */ = {
			isa = PBXResourcesBuildPhase;
			buildActionMask = 2147483647;
			files = (
				F026778D1E40032900A3AB82 /* LaunchScreen.storyboard in Resources */,
				F026778A1E40032900A3AB82 /* Assets.xcassets in Resources */,
				F02677881E40032900A3AB82 /* Main.storyboard in Resources */,
			);
			runOnlyForDeploymentPostprocessing = 0;
		};
		F02677911E40032900A3AB82 /* Resources */ = {
			isa = PBXResourcesBuildPhase;
			buildActionMask = 2147483647;
			files = (
			);
			runOnlyForDeploymentPostprocessing = 0;
		};
		F026779C1E40032900A3AB82 /* Resources */ = {
			isa = PBXResourcesBuildPhase;
			buildActionMask = 2147483647;
			files = (
			);
			runOnlyForDeploymentPostprocessing = 0;
		};
/* End PBXResourcesBuildPhase section */

/* Begin PBXSourcesBuildPhase section */
		F026777B1E40032900A3AB82 /* Sources */ = {
			isa = PBXSourcesBuildPhase;
			buildActionMask = 2147483647;
			files = (
				F02677851E40032900A3AB82 /* ViewController.swift in Sources */,
				F02677831E40032900A3AB82 /* AppDelegate.swift in Sources */,
			);
			runOnlyForDeploymentPostprocessing = 0;
		};
		F026778F1E40032900A3AB82 /* Sources */ = {
			isa = PBXSourcesBuildPhase;
			buildActionMask = 2147483647;
			files = (
				F02677981E40032900A3AB82 /* testTests.swift in Sources */,
			);
			runOnlyForDeploymentPostprocessing = 0;
		};
		F026779A1E40032900A3AB82 /* Sources */ = {
			isa = PBXSourcesBuildPhase;
			buildActionMask = 2147483647;
			files = (
				F02677A31E40032900A3AB82 /* testUITests.swift in Sources */,
			);
			runOnlyForDeploymentPostprocessing = 0;
		};
/* End PBXSourcesBuildPhase section */

/* Begin PBXTargetDependency section */
		F02677951E40032900A3AB82 /* PBXTargetDependency */ = {
			isa = PBXTargetDependency;
			target = F026777E1E40032900A3AB82 /* test */;
			targetProxy = F02677941E40032900A3AB82 /* PBXContainerItemProxy */;
		};
		F02677A01E40032900A3AB82 /* PBXTargetDependency */ = {
			isa = PBXTargetDependency;
			target = F026777E1E40032900A3AB82 /* test */;
			targetProxy = F026779F1E40032900A3AB82 /* PBXContainerItemProxy */;
		};
/* End PBXTargetDependency section */

/* Begin PBXVariantGroup section */
		F02677861E40032900A3AB82 /* Main.storyboard */ = {
			isa = PBXVariantGroup;
			children = (
				F02677871E40032900A3AB82 /* Base */,
			);
			name = Main.storyboard;
			sourceTree = "<group>";
		};
		F026778B1E40032900A3AB82 /* LaunchScreen.storyboard */ = {
			isa = PBXVariantGroup;
			children = (
				F026778C1E40032900A3AB82 /* Base */,
			);
			name = LaunchScreen.storyboard;
			sourceTree = "<group>";
		};
/* End PBXVariantGroup section */

/* Begin XCBuildConfiguration section */
		F02677A51E40032900A3AB82 /* Debug */ = {
			isa = XCBuildConfiguration;
			buildSettings = {
				ALWAYS_SEARCH_USER_PATHS = NO;
				CLANG_ANALYZER_NONNULL = YES;
				CLANG_CXX_LANGUAGE_STANDARD = "gnu++0x";
				CLANG_CXX_LIBRARY = "libc++";
				CLANG_ENABLE_MODULES = YES;
				CLANG_ENABLE_OBJC_ARC = YES;
				CLANG_WARN_BOOL_CONVERSION = YES;
				CLANG_WARN_CONSTANT_CONVERSION = YES;
				CLANG_WARN_DIRECT_OBJC_ISA_USAGE = YES_ERROR;
				CLANG_WARN_DOCUMENTATION_COMMENTS = YES;
				CLANG_WARN_EMPTY_BODY = YES;
				CLANG_WARN_ENUM_CONVERSION = YES;
				CLANG_WARN_INFINITE_RECURSION = YES;
				CLANG_WARN_INT_CONVERSION = YES;
				CLANG_WARN_OBJC_ROOT_CLASS = YES_ERROR;
				CLANG_WARN_SUSPICIOUS_MOVE = YES;
				CLANG_WARN_UNREACHABLE_CODE = YES;
				CLANG_WARN__DUPLICATE_METHOD_MATCH = YES;
				"CODE_SIGN_IDENTITY[sdk=iphoneos*]" = "iPhone Developer";
				COPY_PHASE_STRIP = NO;
				DEBUG_INFORMATION_FORMAT = dwarf;
				ENABLE_STRICT_OBJC_MSGSEND = YES;
				ENABLE_TESTABILITY = YES;
				GCC_C_LANGUAGE_STANDARD = gnu99;
				GCC_DYNAMIC_NO_PIC = NO;
				GCC_NO_COMMON_BLOCKS = YES;
				GCC_OPTIMIZATION_LEVEL = 0;
				GCC_PREPROCESSOR_DEFINITIONS = (
					"DEBUG=1",
					"$(inherited)",
				);
				GCC_WARN_64_TO_32_BIT_CONVERSION = YES;
				GCC_WARN_ABOUT_RETURN_TYPE = YES_ERROR;
				GCC_WARN_UNDECLARED_SELECTOR = YES;
				GCC_WARN_UNINITIALIZED_AUTOS = YES_AGGRESSIVE;
				GCC_WARN_UNUSED_FUNCTION = YES;
				GCC_WARN_UNUSED_VARIABLE = YES;
				IPHONEOS_DEPLOYMENT_TARGET = 10.2;
				MTL_ENABLE_DEBUG_INFO = YES;
				ONLY_ACTIVE_ARCH = YES;
				SDKROOT = iphoneos;
				SWIFT_ACTIVE_COMPILATION_CONDITIONS = DEBUG;
				SWIFT_OPTIMIZATION_LEVEL = "-Onone";
				TARGETED_DEVICE_FAMILY = "1,2";
			};
			name = Debug;
		};
		F02677A61E40032900A3AB82 /* Release */ = {
			isa = XCBuildConfiguration;
			buildSettings = {
				ALWAYS_SEARCH_USER_PATHS = NO;
				CLANG_ANALYZER_NONNULL = YES;
				CLANG_CXX_LANGUAGE_STANDARD = "gnu++0x";
				CLANG_CXX_LIBRARY = "libc++";
				CLANG_ENABLE_MODULES = YES;
				CLANG_ENABLE_OBJC_ARC = YES;
				CLANG_WARN_BOOL_CONVERSION = YES;
				CLANG_WARN_CONSTANT_CONVERSION = YES;
				CLANG_WARN_DIRECT_OBJC_ISA_USAGE = YES_ERROR;
				CLANG_WARN_DOCUMENTATION_COMMENTS = YES;
				CLANG_WARN_EMPTY_BODY = YES;
				CLANG_WARN_ENUM_CONVERSION = YES;
				CLANG_WARN_INFINITE_RECURSION = YES;
				CLANG_WARN_INT_CONVERSION = YES;
				CLANG_WARN_OBJC_ROOT_CLASS = YES_ERROR;
				CLANG_WARN_SUSPICIOUS_MOVE = YES;
				CLANG_WARN_UNREACHABLE_CODE = YES;
				CLANG_WARN__DUPLICATE_METHOD_MATCH = YES;
				"CODE_SIGN_IDENTITY[sdk=iphoneos*]" = "iPhone Developer";
				COPY_PHASE_STRIP = NO;
				DEBUG_INFORMATION_FORMAT = "dwarf-with-dsym";
				ENABLE_NS_ASSERTIONS = NO;
				ENABLE_STRICT_OBJC_MSGSEND = YES;
				GCC_C_LANGUAGE_STANDARD = gnu99;
				GCC_NO_COMMON_BLOCKS = YES;
				GCC_WARN_64_TO_32_BIT_CONVERSION = YES;
				GCC_WARN_ABOUT_RETURN_TYPE = YES_ERROR;
				GCC_WARN_UNDECLARED_SELECTOR = YES;
				GCC_WARN_UNINITIALIZED_AUTOS = YES_AGGRESSIVE;
				GCC_WARN_UNUSED_FUNCTION = YES;
				GCC_WARN_UNUSED_VARIABLE = YES;
				IPHONEOS_DEPLOYMENT_TARGET = 10.2;
				MTL_ENABLE_DEBUG_INFO = NO;
				SDKROOT = iphoneos;
				SWIFT_OPTIMIZATION_LEVEL = "-Owholemodule";
				TARGETED_DEVICE_FAMILY = "1,2";
				VALIDATE_PRODUCT = YES;
			};
			name = Release;
		};
		F02677A81E40032900A3AB82 /* Debug */ = {
			isa = XCBuildConfiguration;
			buildSettings = {
				ASSETCATALOG_COMPILER_APPICON_NAME = AppIcon;
				INFOPLIST_FILE = test/Info.plist;
				LD_RUNPATH_SEARCH_PATHS = "$(inherited) @executable_path/Frameworks";
				PRODUCT_BUNDLE_IDENTIFIER = com.myapp.test.test;
				PRODUCT_NAME = "$(TARGET_NAME)";
				SWIFT_VERSION = 3.0;
			};
			name = Debug;
		};
		F02677A91E40032900A3AB82 /* Release */ = {
			isa = XCBuildConfiguration;
			buildSettings = {
				ASSETCATALOG_COMPILER_APPICON_NAME = AppIcon;
				INFOPLIST_FILE = test/Info.plist;
				LD_RUNPATH_SEARCH_PATHS = "$(inherited) @executable_path/Frameworks";
				PRODUCT_BUNDLE_IDENTIFIER = com.myapp.test.test;
				PRODUCT_NAME = "$(TARGET_NAME)";
				SWIFT_VERSION = 3.0;
			};
			name = Release;
		};
		F02677AB1E40032900A3AB82 /* Debug */ = {
			isa = XCBuildConfiguration;
			buildSettings = {
				ALWAYS_EMBED_SWIFT_STANDARD_LIBRARIES = YES;
				BUNDLE_LOADER = "$(TEST_HOST)";
				INFOPLIST_FILE = testTests/Info.plist;
				LD_RUNPATH_SEARCH_PATHS = "$(inherited) @executable_path/Frameworks @loader_path/Frameworks";
				PRODUCT_BUNDLE_IDENTIFIER = com.myapp.test.testTests;
				PRODUCT_NAME = "$(TARGET_NAME)";
				SWIFT_VERSION = 3.0;
				TEST_HOST = "$(BUILT_PRODUCTS_DIR)/test.app/test";
			};
			name = Debug;
		};
		F02677AC1E40032900A3AB82 /* Release */ = {
			isa = XCBuildConfiguration;
			buildSettings = {
				ALWAYS_EMBED_SWIFT_STANDARD_LIBRARIES = YES;
				BUNDLE_LOADER = "$(TEST_HOST)";
				INFOPLIST_FILE = testTests/Info.plist;
				LD_RUNPATH_SEARCH_PATHS = "$(inherited) @executable_path/Frameworks @loader_path/Frameworks";
				PRODUCT_BUNDLE_IDENTIFIER = com.myapp.test.testTests;
				PRODUCT_NAME = "$(TARGET_NAME)";
				SWIFT_VERSION = 3.0;
				TEST_HOST = "$(BUILT_PRODUCTS_DIR)/test.app/test";
			};
			name = Release;
		};
		F02677AE1E40032900A3AB82 /* Debug */ = {
			isa = XCBuildConfiguration;
			buildSettings = {
				ALWAYS_EMBED_SWIFT_STANDARD_LIBRARIES = YES;
				INFOPLIST_FILE = testUITests/Info.plist;
				LD_RUNPATH_SEARCH_PATHS = "$(inherited) @executable_path/Frameworks @loader_path/Frameworks";
				PRODUCT_BUNDLE_IDENTIFIER = com.myapp.test.testUITests;
				PRODUCT_NAME = "$(TARGET_NAME)";
				SWIFT_VERSION = 3.0;
				TEST_TARGET_NAME = test;
			};
			name = Debug;
		};
		F02677AF1E40032900A3AB82 /* Release */ = {
			isa = XCBuildConfiguration;
			buildSettings = {
				ALWAYS_EMBED_SWIFT_STANDARD_LIBRARIES = YES;
				INFOPLIST_FILE = testUITests/Info.plist;
				LD_RUNPATH_SEARCH_PATHS = "$(inherited) @executable_path/Frameworks @loader_path/Frameworks";
				PRODUCT_BUNDLE_IDENTIFIER = com.myapp.test.testUITests;
				PRODUCT_NAME = "$(TARGET_NAME)";
				SWIFT_VERSION = 3.0;
				TEST_TARGET_NAME = test;
			};
			name = Release;
		};
/* End XCBuildConfiguration section */

/* Begin XCConfigurationList section */
		F026777A1E40032900A3AB82 /* Build configuration list for PBXProject "test" */ = {
			isa = XCConfigurationList;
			buildConfigurations = (
				F02677A51E40032900A3AB82 /* Debug */,
				F02677A61E40032900A3AB82 /* Release */,
			);
			defaultConfigurationIsVisible = 0;
			defaultConfigurationName = Release;
		};
		F02677A71E40032900A3AB82 /* Build configuration list for PBXNativeTarget "test" */ = {
			isa = XCConfigurationList;
			buildConfigurations = (
				F02677A81E40032900A3AB82 /* Debug */,
				F02677A91E40032900A3AB82 /* Release */,
			);
			defaultConfigurationIsVisible = 0;
		};
		F02677AA1E40032900A3AB82 /* Build configuration list for PBXNativeTarget "testTests" */ = {
			isa = XCConfigurationList;
			buildConfigurations = (
				F02677AB1E40032900A3AB82 /* Debug */,
				F02677AC1E40032900A3AB82 /* Release */,
			);
			defaultConfigurationIsVisible = 0;
		};
		F02677AD1E40032900A3AB82 /* Build configuration list for PBXNativeTarget "testUITests" */ = {
			isa = XCConfigurationList;
			buildConfigurations = (
				F02677AE1E40032900A3AB82 /* Debug */,
				F02677AF1E40032900A3AB82 /* Release */,
			);
			defaultConfigurationIsVisible = 0;
		};
/* End XCConfigurationList section */
	};
	rootObject = F02677771E40032900A3AB82 /* Project object */;
}
